// !$*UTF8*$!
{
	archiveVersion = 1;
	classes = {
	};
	objectVersion = 56;
	objects = {

/* Begin PBXBuildFile section */
		6A4C1E6D2C5A8C40004970FD /* ChatManager.swift in Sources */ = {isa = PBXBuildFile; fileRef = 6A4C1E6C2C5A8C40004970FD /* ChatManager.swift */; };
		6ACEA8B22C5A7CC9005FF652 /* AppDelegate.swift in Sources */ = {isa = PBXBuildFile; fileRef = 6ACEA8B12C5A7CC9005FF652 /* AppDelegate.swift */; };
		6ACEA8B42C5A7CC9005FF652 /* SceneDelegate.swift in Sources */ = {isa = PBXBuildFile; fileRef = 6ACEA8B32C5A7CC9005FF652 /* SceneDelegate.swift */; };
		6ACEA8B62C5A7CC9005FF652 /* LoginViewController.swift in Sources */ = {isa = PBXBuildFile; fileRef = 6ACEA8B52C5A7CC9005FF652 /* LoginViewController.swift */; };
		6ACEA8BB2C5A7CCA005FF652 /* Assets.xcassets in Resources */ = {isa = PBXBuildFile; fileRef = 6ACEA8BA2C5A7CCA005FF652 /* Assets.xcassets */; };
		6ACEA8BE2C5A7CCA005FF652 /* Base in Resources */ = {isa = PBXBuildFile; fileRef = 6ACEA8BD2C5A7CCA005FF652 /* Base */; };
		6ACEA8C92C5A7CCB005FF652 /* ChitChatTests.swift in Sources */ = {isa = PBXBuildFile; fileRef = 6ACEA8C82C5A7CCB005FF652 /* ChitChatTests.swift */; };
		6ACEA8D32C5A7CCB005FF652 /* ChitChatUITests.swift in Sources */ = {isa = PBXBuildFile; fileRef = 6ACEA8D22C5A7CCB005FF652 /* ChitChatUITests.swift */; };
		6ACEA8D52C5A7CCB005FF652 /* ChitChatUITestsLaunchTests.swift in Sources */ = {isa = PBXBuildFile; fileRef = 6ACEA8D42C5A7CCB005FF652 /* ChitChatUITestsLaunchTests.swift */; };
		6ACEA8E32C5A800C005FF652 /* StreamChat in Frameworks */ = {isa = PBXBuildFile; productRef = 6ACEA8E22C5A800C005FF652 /* StreamChat */; };
		6ACEA8E92C5A800C005FF652 /* StreamChatUI in Frameworks */ = {isa = PBXBuildFile; productRef = 6ACEA8E82C5A800C005FF652 /* StreamChatUI */; };
		6ACEA8EC2C5A808A005FF652 /* StreamChatSwiftUI in Frameworks */ = {isa = PBXBuildFile; productRef = 6ACEA8EB2C5A808A005FF652 /* StreamChatSwiftUI */; };
		6AFC8EB22C5E6D2E001493F2 /* SettingsViewController.swift in Sources */ = {isa = PBXBuildFile; fileRef = 6AFC8EB12C5E6D2E001493F2 /* SettingsViewController.swift */; };
		6AFC8EB42C5E6D4B001493F2 /* TabBarViewController.swift in Sources */ = {isa = PBXBuildFile; fileRef = 6AFC8EB32C5E6D4B001493F2 /* TabBarViewController.swift */; };
/* End PBXBuildFile section */

/* Begin PBXContainerItemProxy section */
		6ACEA8C52C5A7CCB005FF652 /* PBXContainerItemProxy */ = {
			isa = PBXContainerItemProxy;
			containerPortal = 6ACEA8A62C5A7CC9005FF652 /* Project object */;
			proxyType = 1;
			remoteGlobalIDString = 6ACEA8AD2C5A7CC9005FF652;
			remoteInfo = ChitChat;
		};
		6ACEA8CF2C5A7CCB005FF652 /* PBXContainerItemProxy */ = {
			isa = PBXContainerItemProxy;
			containerPortal = 6ACEA8A62C5A7CC9005FF652 /* Project object */;
			proxyType = 1;
			remoteGlobalIDString = 6ACEA8AD2C5A7CC9005FF652;
			remoteInfo = ChitChat;
		};
/* End PBXContainerItemProxy section */

/* Begin PBXFileReference section */
		6A4C1E6C2C5A8C40004970FD /* ChatManager.swift */ = {isa = PBXFileReference; lastKnownFileType = sourcecode.swift; path = ChatManager.swift; sourceTree = "<group>"; };
		6A4C1E6F2C5A8ED5004970FD /* XCTest.framework */ = {isa = PBXFileReference; lastKnownFileType = wrapper.framework; name = XCTest.framework; path = Platforms/iPhoneOS.platform/Developer/Library/Frameworks/XCTest.framework; sourceTree = DEVELOPER_DIR; };
		6ACEA8AE2C5A7CC9005FF652 /* ChitChat.app */ = {isa = PBXFileReference; explicitFileType = wrapper.application; includeInIndex = 0; path = ChitChat.app; sourceTree = BUILT_PRODUCTS_DIR; };
		6ACEA8B12C5A7CC9005FF652 /* AppDelegate.swift */ = {isa = PBXFileReference; lastKnownFileType = sourcecode.swift; path = AppDelegate.swift; sourceTree = "<group>"; };
		6ACEA8B32C5A7CC9005FF652 /* SceneDelegate.swift */ = {isa = PBXFileReference; lastKnownFileType = sourcecode.swift; path = SceneDelegate.swift; sourceTree = "<group>"; };
		6ACEA8B52C5A7CC9005FF652 /* LoginViewController.swift */ = {isa = PBXFileReference; lastKnownFileType = sourcecode.swift; path = LoginViewController.swift; sourceTree = "<group>"; };
		6ACEA8BA2C5A7CCA005FF652 /* Assets.xcassets */ = {isa = PBXFileReference; lastKnownFileType = folder.assetcatalog; path = Assets.xcassets; sourceTree = "<group>"; };
		6ACEA8BD2C5A7CCA005FF652 /* Base */ = {isa = PBXFileReference; lastKnownFileType = file.storyboard; name = Base; path = Base.lproj/LaunchScreen.storyboard; sourceTree = "<group>"; };
		6ACEA8BF2C5A7CCA005FF652 /* Info.plist */ = {isa = PBXFileReference; lastKnownFileType = text.plist.xml; path = Info.plist; sourceTree = "<group>"; };
		6ACEA8C42C5A7CCB005FF652 /* ChitChatTests.xctest */ = {isa = PBXFileReference; explicitFileType = wrapper.cfbundle; includeInIndex = 0; path = ChitChatTests.xctest; sourceTree = BUILT_PRODUCTS_DIR; };
		6ACEA8C82C5A7CCB005FF652 /* ChitChatTests.swift */ = {isa = PBXFileReference; lastKnownFileType = sourcecode.swift; path = ChitChatTests.swift; sourceTree = "<group>"; };
		6ACEA8CE2C5A7CCB005FF652 /* ChitChatUITests.xctest */ = {isa = PBXFileReference; explicitFileType = wrapper.cfbundle; includeInIndex = 0; path = ChitChatUITests.xctest; sourceTree = BUILT_PRODUCTS_DIR; };
		6ACEA8D22C5A7CCB005FF652 /* ChitChatUITests.swift */ = {isa = PBXFileReference; lastKnownFileType = sourcecode.swift; path = ChitChatUITests.swift; sourceTree = "<group>"; };
		6ACEA8D42C5A7CCB005FF652 /* ChitChatUITestsLaunchTests.swift */ = {isa = PBXFileReference; lastKnownFileType = sourcecode.swift; path = ChitChatUITestsLaunchTests.swift; sourceTree = "<group>"; };
		6AFC8EB12C5E6D2E001493F2 /* SettingsViewController.swift */ = {isa = PBXFileReference; lastKnownFileType = sourcecode.swift; path = SettingsViewController.swift; sourceTree = "<group>"; };
		6AFC8EB32C5E6D4B001493F2 /* TabBarViewController.swift */ = {isa = PBXFileReference; lastKnownFileType = sourcecode.swift; path = TabBarViewController.swift; sourceTree = "<group>"; };
/* End PBXFileReference section */

/* Begin PBXFrameworksBuildPhase section */
		6ACEA8AB2C5A7CC9005FF652 /* Frameworks */ = {
			isa = PBXFrameworksBuildPhase;
			buildActionMask = 2147483647;
			files = (
				6ACEA8E32C5A800C005FF652 /* StreamChat in Frameworks */,
				6ACEA8E92C5A800C005FF652 /* StreamChatUI in Frameworks */,
				6ACEA8EC2C5A808A005FF652 /* StreamChatSwiftUI in Frameworks */,
			);
			runOnlyForDeploymentPostprocessing = 0;
		};
		6ACEA8C12C5A7CCB005FF652 /* Frameworks */ = {
			isa = PBXFrameworksBuildPhase;
			buildActionMask = 2147483647;
			files = (
			);
			runOnlyForDeploymentPostprocessing = 0;
		};
		6ACEA8CB2C5A7CCB005FF652 /* Frameworks */ = {
			isa = PBXFrameworksBuildPhase;
			buildActionMask = 2147483647;
			files = (
			);
			runOnlyForDeploymentPostprocessing = 0;
		};
/* End PBXFrameworksBuildPhase section */

/* Begin PBXGroup section */
		6A4C1E672C5A8BFB004970FD /* Controller */ = {
			isa = PBXGroup;
			children = (
				6ACEA8B52C5A7CC9005FF652 /* LoginViewController.swift */,
				6AFC8EB12C5E6D2E001493F2 /* SettingsViewController.swift */,
				6AFC8EB32C5E6D4B001493F2 /* TabBarViewController.swift */,
			);
			path = Controller;
			sourceTree = "<group>";
		};
		6A4C1E682C5A8C0A004970FD /* Views */ = {
			isa = PBXGroup;
			children = (
			);
			path = Views;
			sourceTree = "<group>";
		};
		6A4C1E692C5A8C11004970FD /* Models */ = {
			isa = PBXGroup;
			children = (
			);
			path = Models;
			sourceTree = "<group>";
		};
		6A4C1E6A2C5A8C18004970FD /* Managers */ = {
			isa = PBXGroup;
			children = (
				6A4C1E6C2C5A8C40004970FD /* ChatManager.swift */,
			);
			path = Managers;
			sourceTree = "<group>";
		};
		6A4C1E6B2C5A8C1F004970FD /* Others */ = {
			isa = PBXGroup;
			children = (
				6ACEA8B12C5A7CC9005FF652 /* AppDelegate.swift */,
				6ACEA8B32C5A7CC9005FF652 /* SceneDelegate.swift */,
				6ACEA8BA2C5A7CCA005FF652 /* Assets.xcassets */,
				6ACEA8BC2C5A7CCA005FF652 /* LaunchScreen.storyboard */,
			);
			path = Others;
			sourceTree = "<group>";
		};
		6A4C1E6E2C5A8ED5004970FD /* Frameworks */ = {
			isa = PBXGroup;
			children = (
				6A4C1E6F2C5A8ED5004970FD /* XCTest.framework */,
			);
			name = Frameworks;
			sourceTree = "<group>";
		};
		6ACEA8A52C5A7CC9005FF652 = {
			isa = PBXGroup;
			children = (
				6ACEA8B02C5A7CC9005FF652 /* ChitChat */,
				6ACEA8C72C5A7CCB005FF652 /* ChitChatTests */,
				6ACEA8D12C5A7CCB005FF652 /* ChitChatUITests */,
				6ACEA8AF2C5A7CC9005FF652 /* Products */,
				6A4C1E6E2C5A8ED5004970FD /* Frameworks */,
			);
			sourceTree = "<group>";
		};
		6ACEA8AF2C5A7CC9005FF652 /* Products */ = {
			isa = PBXGroup;
			children = (
				6ACEA8AE2C5A7CC9005FF652 /* ChitChat.app */,
				6ACEA8C42C5A7CCB005FF652 /* ChitChatTests.xctest */,
				6ACEA8CE2C5A7CCB005FF652 /* ChitChatUITests.xctest */,
			);
			name = Products;
			sourceTree = "<group>";
		};
		6ACEA8B02C5A7CC9005FF652 /* ChitChat */ = {
			isa = PBXGroup;
			children = (
				6A4C1E6B2C5A8C1F004970FD /* Others */,
				6A4C1E6A2C5A8C18004970FD /* Managers */,
				6A4C1E692C5A8C11004970FD /* Models */,
				6A4C1E682C5A8C0A004970FD /* Views */,
				6A4C1E672C5A8BFB004970FD /* Controller */,
				6ACEA8BF2C5A7CCA005FF652 /* Info.plist */,
			);
			path = ChitChat;
			sourceTree = "<group>";
		};
		6ACEA8C72C5A7CCB005FF652 /* ChitChatTests */ = {
			isa = PBXGroup;
			children = (
				6ACEA8C82C5A7CCB005FF652 /* ChitChatTests.swift */,
			);
			path = ChitChatTests;
			sourceTree = "<group>";
		};
		6ACEA8D12C5A7CCB005FF652 /* ChitChatUITests */ = {
			isa = PBXGroup;
			children = (
				6ACEA8D22C5A7CCB005FF652 /* ChitChatUITests.swift */,
				6ACEA8D42C5A7CCB005FF652 /* ChitChatUITestsLaunchTests.swift */,
			);
			path = ChitChatUITests;
			sourceTree = "<group>";
		};
/* End PBXGroup section */

/* Begin PBXNativeTarget section */
		6ACEA8AD2C5A7CC9005FF652 /* ChitChat */ = {
			isa = PBXNativeTarget;
			buildConfigurationList = 6ACEA8D82C5A7CCB005FF652 /* Build configuration list for PBXNativeTarget "ChitChat" */;
			buildPhases = (
				6ACEA8AA2C5A7CC9005FF652 /* Sources */,
				6ACEA8AB2C5A7CC9005FF652 /* Frameworks */,
				6ACEA8AC2C5A7CC9005FF652 /* Resources */,
			);
			buildRules = (
			);
			dependencies = (
			);
			name = ChitChat;
			packageProductDependencies = (
				6ACEA8E22C5A800C005FF652 /* StreamChat */,
				6ACEA8E82C5A800C005FF652 /* StreamChatUI */,
				6ACEA8EB2C5A808A005FF652 /* StreamChatSwiftUI */,
			);
			productName = ChitChat;
			productReference = 6ACEA8AE2C5A7CC9005FF652 /* ChitChat.app */;
			productType = "com.apple.product-type.application";
		};
		6ACEA8C32C5A7CCB005FF652 /* ChitChatTests */ = {
			isa = PBXNativeTarget;
			buildConfigurationList = 6ACEA8DB2C5A7CCB005FF652 /* Build configuration list for PBXNativeTarget "ChitChatTests" */;
			buildPhases = (
				6ACEA8C02C5A7CCB005FF652 /* Sources */,
				6ACEA8C12C5A7CCB005FF652 /* Frameworks */,
				6ACEA8C22C5A7CCB005FF652 /* Resources */,
			);
			buildRules = (
			);
			dependencies = (
				6ACEA8C62C5A7CCB005FF652 /* PBXTargetDependency */,
			);
			name = ChitChatTests;
			productName = ChitChatTests;
			productReference = 6ACEA8C42C5A7CCB005FF652 /* ChitChatTests.xctest */;
			productType = "com.apple.product-type.bundle.unit-test";
		};
		6ACEA8CD2C5A7CCB005FF652 /* ChitChatUITests */ = {
			isa = PBXNativeTarget;
			buildConfigurationList = 6ACEA8DE2C5A7CCB005FF652 /* Build configuration list for PBXNativeTarget "ChitChatUITests" */;
			buildPhases = (
				6ACEA8CA2C5A7CCB005FF652 /* Sources */,
				6ACEA8CB2C5A7CCB005FF652 /* Frameworks */,
				6ACEA8CC2C5A7CCB005FF652 /* Resources */,
			);
			buildRules = (
			);
			dependencies = (
				6ACEA8D02C5A7CCB005FF652 /* PBXTargetDependency */,
			);
			name = ChitChatUITests;
			productName = ChitChatUITests;
			productReference = 6ACEA8CE2C5A7CCB005FF652 /* ChitChatUITests.xctest */;
			productType = "com.apple.product-type.bundle.ui-testing";
		};
/* End PBXNativeTarget section */

/* Begin PBXProject section */
		6ACEA8A62C5A7CC9005FF652 /* Project object */ = {
			isa = PBXProject;
			attributes = {
				BuildIndependentTargetsInParallel = 1;
				LastSwiftUpdateCheck = 1530;
				LastUpgradeCheck = 1530;
				TargetAttributes = {
					6ACEA8AD2C5A7CC9005FF652 = {
						CreatedOnToolsVersion = 15.3;
					};
					6ACEA8C32C5A7CCB005FF652 = {
						CreatedOnToolsVersion = 15.3;
						TestTargetID = 6ACEA8AD2C5A7CC9005FF652;
					};
					6ACEA8CD2C5A7CCB005FF652 = {
						CreatedOnToolsVersion = 15.3;
						TestTargetID = 6ACEA8AD2C5A7CC9005FF652;
					};
				};
			};
			buildConfigurationList = 6ACEA8A92C5A7CC9005FF652 /* Build configuration list for PBXProject "ChitChat" */;
			compatibilityVersion = "Xcode 14.0";
			developmentRegion = en;
			hasScannedForEncodings = 0;
			knownRegions = (
				en,
				Base,
			);
			mainGroup = 6ACEA8A52C5A7CC9005FF652;
			packageReferences = (
				6ACEA8E12C5A800C005FF652 /* XCRemoteSwiftPackageReference "stream-chat-swift" */,
				6ACEA8EA2C5A808A005FF652 /* XCRemoteSwiftPackageReference "stream-chat-swiftui" */,
			);
			productRefGroup = 6ACEA8AF2C5A7CC9005FF652 /* Products */;
			projectDirPath = "";
			projectRoot = "";
			targets = (
				6ACEA8AD2C5A7CC9005FF652 /* ChitChat */,
				6ACEA8C32C5A7CCB005FF652 /* ChitChatTests */,
				6ACEA8CD2C5A7CCB005FF652 /* ChitChatUITests */,
			);
		};
/* End PBXProject section */

/* Begin PBXResourcesBuildPhase section */
		6ACEA8AC2C5A7CC9005FF652 /* Resources */ = {
			isa = PBXResourcesBuildPhase;
			buildActionMask = 2147483647;
			files = (
				6ACEA8BB2C5A7CCA005FF652 /* Assets.xcassets in Resources */,
				6ACEA8BE2C5A7CCA005FF652 /* Base in Resources */,
			);
			runOnlyForDeploymentPostprocessing = 0;
		};
		6ACEA8C22C5A7CCB005FF652 /* Resources */ = {
			isa = PBXResourcesBuildPhase;
			buildActionMask = 2147483647;
			files = (
			);
			runOnlyForDeploymentPostprocessing = 0;
		};
		6ACEA8CC2C5A7CCB005FF652 /* Resources */ = {
			isa = PBXResourcesBuildPhase;
			buildActionMask = 2147483647;
			files = (
			);
			runOnlyForDeploymentPostprocessing = 0;
		};
/* End PBXResourcesBuildPhase section */

/* Begin PBXSourcesBuildPhase section */
		6ACEA8AA2C5A7CC9005FF652 /* Sources */ = {
			isa = PBXSourcesBuildPhase;
			buildActionMask = 2147483647;
			files = (
				6ACEA8B62C5A7CC9005FF652 /* LoginViewController.swift in Sources */,
				6ACEA8B22C5A7CC9005FF652 /* AppDelegate.swift in Sources */,
				6ACEA8B42C5A7CC9005FF652 /* SceneDelegate.swift in Sources */,
				6AFC8EB22C5E6D2E001493F2 /* SettingsViewController.swift in Sources */,
				6AFC8EB42C5E6D4B001493F2 /* TabBarViewController.swift in Sources */,
				6A4C1E6D2C5A8C40004970FD /* ChatManager.swift in Sources */,
			);
			runOnlyForDeploymentPostprocessing = 0;
		};
		6ACEA8C02C5A7CCB005FF652 /* Sources */ = {
			isa = PBXSourcesBuildPhase;
			buildActionMask = 2147483647;
			files = (
				6ACEA8C92C5A7CCB005FF652 /* ChitChatTests.swift in Sources */,
			);
			runOnlyForDeploymentPostprocessing = 0;
		};
		6ACEA8CA2C5A7CCB005FF652 /* Sources */ = {
			isa = PBXSourcesBuildPhase;
			buildActionMask = 2147483647;
			files = (
				6ACEA8D52C5A7CCB005FF652 /* ChitChatUITestsLaunchTests.swift in Sources */,
				6ACEA8D32C5A7CCB005FF652 /* ChitChatUITests.swift in Sources */,
			);
			runOnlyForDeploymentPostprocessing = 0;
		};
/* End PBXSourcesBuildPhase section */

/* Begin PBXTargetDependency section */
		6ACEA8C62C5A7CCB005FF652 /* PBXTargetDependency */ = {
			isa = PBXTargetDependency;
			target = 6ACEA8AD2C5A7CC9005FF652 /* ChitChat */;
			targetProxy = 6ACEA8C52C5A7CCB005FF652 /* PBXContainerItemProxy */;
		};
		6ACEA8D02C5A7CCB005FF652 /* PBXTargetDependency */ = {
			isa = PBXTargetDependency;
			target = 6ACEA8AD2C5A7CC9005FF652 /* ChitChat */;
			targetProxy = 6ACEA8CF2C5A7CCB005FF652 /* PBXContainerItemProxy */;
		};
/* End PBXTargetDependency section */

/* Begin PBXVariantGroup section */
		6ACEA8BC2C5A7CCA005FF652 /* LaunchScreen.storyboard */ = {
			isa = PBXVariantGroup;
			children = (
				6ACEA8BD2C5A7CCA005FF652 /* Base */,
			);
			name = LaunchScreen.storyboard;
			sourceTree = "<group>";
		};
/* End PBXVariantGroup section */

/* Begin XCBuildConfiguration section */
		6ACEA8D62C5A7CCB005FF652 /* Debug */ = {
			isa = XCBuildConfiguration;
			buildSettings = {
				ALWAYS_SEARCH_USER_PATHS = NO;
				ASSETCATALOG_COMPILER_GENERATE_SWIFT_ASSET_SYMBOL_EXTENSIONS = YES;
				CLANG_ANALYZER_NONNULL = YES;
				CLANG_ANALYZER_NUMBER_OBJECT_CONVERSION = YES_AGGRESSIVE;
				CLANG_CXX_LANGUAGE_STANDARD = "gnu++20";
				CLANG_ENABLE_MODULES = YES;
				CLANG_ENABLE_OBJC_ARC = YES;
				CLANG_ENABLE_OBJC_WEAK = YES;
				CLANG_WARN_BLOCK_CAPTURE_AUTORELEASING = YES;
				CLANG_WARN_BOOL_CONVERSION = YES;
				CLANG_WARN_COMMA = YES;
				CLANG_WARN_CONSTANT_CONVERSION = YES;
				CLANG_WARN_DEPRECATED_OBJC_IMPLEMENTATIONS = YES;
				CLANG_WARN_DIRECT_OBJC_ISA_USAGE = YES_ERROR;
				CLANG_WARN_DOCUMENTATION_COMMENTS = YES;
				CLANG_WARN_EMPTY_BODY = YES;
				CLANG_WARN_ENUM_CONVERSION = YES;
				CLANG_WARN_INFINITE_RECURSION = YES;
				CLANG_WARN_INT_CONVERSION = YES;
				CLANG_WARN_NON_LITERAL_NULL_CONVERSION = YES;
				CLANG_WARN_OBJC_IMPLICIT_RETAIN_SELF = YES;
				CLANG_WARN_OBJC_LITERAL_CONVERSION = YES;
				CLANG_WARN_OBJC_ROOT_CLASS = YES_ERROR;
				CLANG_WARN_QUOTED_INCLUDE_IN_FRAMEWORK_HEADER = YES;
				CLANG_WARN_RANGE_LOOP_ANALYSIS = YES;
				CLANG_WARN_STRICT_PROTOTYPES = YES;
				CLANG_WARN_SUSPICIOUS_MOVE = YES;
				CLANG_WARN_UNGUARDED_AVAILABILITY = YES_AGGRESSIVE;
				CLANG_WARN_UNREACHABLE_CODE = YES;
				CLANG_WARN__DUPLICATE_METHOD_MATCH = YES;
				COPY_PHASE_STRIP = NO;
				DEBUG_INFORMATION_FORMAT = dwarf;
				ENABLE_STRICT_OBJC_MSGSEND = YES;
				ENABLE_TESTABILITY = YES;
				ENABLE_USER_SCRIPT_SANDBOXING = YES;
				GCC_C_LANGUAGE_STANDARD = gnu17;
				GCC_DYNAMIC_NO_PIC = NO;
				GCC_NO_COMMON_BLOCKS = YES;
				GCC_OPTIMIZATION_LEVEL = 0;
				GCC_PREPROCESSOR_DEFINITIONS = (
					"DEBUG=1",
					"$(inherited)",
				);
				GCC_WARN_64_TO_32_BIT_CONVERSION = YES;
				GCC_WARN_ABOUT_RETURN_TYPE = YES_ERROR;
				GCC_WARN_UNDECLARED_SELECTOR = YES;
				GCC_WARN_UNINITIALIZED_AUTOS = YES_AGGRESSIVE;
				GCC_WARN_UNUSED_FUNCTION = YES;
				GCC_WARN_UNUSED_VARIABLE = YES;
				IPHONEOS_DEPLOYMENT_TARGET = 17.4;
				LOCALIZATION_PREFERS_STRING_CATALOGS = YES;
				MTL_ENABLE_DEBUG_INFO = INCLUDE_SOURCE;
				MTL_FAST_MATH = YES;
				ONLY_ACTIVE_ARCH = YES;
				SDKROOT = iphoneos;
				SWIFT_ACTIVE_COMPILATION_CONDITIONS = "DEBUG $(inherited)";
				SWIFT_OPTIMIZATION_LEVEL = "-Onone";
			};
			name = Debug;
		};
		6ACEA8D72C5A7CCB005FF652 /* Release */ = {
			isa = XCBuildConfiguration;
			buildSettings = {
				ALWAYS_SEARCH_USER_PATHS = NO;
				ASSETCATALOG_COMPILER_GENERATE_SWIFT_ASSET_SYMBOL_EXTENSIONS = YES;
				CLANG_ANALYZER_NONNULL = YES;
				CLANG_ANALYZER_NUMBER_OBJECT_CONVERSION = YES_AGGRESSIVE;
				CLANG_CXX_LANGUAGE_STANDARD = "gnu++20";
				CLANG_ENABLE_MODULES = YES;
				CLANG_ENABLE_OBJC_ARC = YES;
				CLANG_ENABLE_OBJC_WEAK = YES;
				CLANG_WARN_BLOCK_CAPTURE_AUTORELEASING = YES;
				CLANG_WARN_BOOL_CONVERSION = YES;
				CLANG_WARN_COMMA = YES;
				CLANG_WARN_CONSTANT_CONVERSION = YES;
				CLANG_WARN_DEPRECATED_OBJC_IMPLEMENTATIONS = YES;
				CLANG_WARN_DIRECT_OBJC_ISA_USAGE = YES_ERROR;
				CLANG_WARN_DOCUMENTATION_COMMENTS = YES;
				CLANG_WARN_EMPTY_BODY = YES;
				CLANG_WARN_ENUM_CONVERSION = YES;
				CLANG_WARN_INFINITE_RECURSION = YES;
				CLANG_WARN_INT_CONVERSION = YES;
				CLANG_WARN_NON_LITERAL_NULL_CONVERSION = YES;
				CLANG_WARN_OBJC_IMPLICIT_RETAIN_SELF = YES;
				CLANG_WARN_OBJC_LITERAL_CONVERSION = YES;
				CLANG_WARN_OBJC_ROOT_CLASS = YES_ERROR;
				CLANG_WARN_QUOTED_INCLUDE_IN_FRAMEWORK_HEADER = YES;
				CLANG_WARN_RANGE_LOOP_ANALYSIS = YES;
				CLANG_WARN_STRICT_PROTOTYPES = YES;
				CLANG_WARN_SUSPICIOUS_MOVE = YES;
				CLANG_WARN_UNGUARDED_AVAILABILITY = YES_AGGRESSIVE;
				CLANG_WARN_UNREACHABLE_CODE = YES;
				CLANG_WARN__DUPLICATE_METHOD_MATCH = YES;
				COPY_PHASE_STRIP = NO;
				DEBUG_INFORMATION_FORMAT = "dwarf-with-dsym";
				ENABLE_NS_ASSERTIONS = NO;
				ENABLE_STRICT_OBJC_MSGSEND = YES;
				ENABLE_USER_SCRIPT_SANDBOXING = YES;
				GCC_C_LANGUAGE_STANDARD = gnu17;
				GCC_NO_COMMON_BLOCKS = YES;
				GCC_WARN_64_TO_32_BIT_CONVERSION = YES;
				GCC_WARN_ABOUT_RETURN_TYPE = YES_ERROR;
				GCC_WARN_UNDECLARED_SELECTOR = YES;
				GCC_WARN_UNINITIALIZED_AUTOS = YES_AGGRESSIVE;
				GCC_WARN_UNUSED_FUNCTION = YES;
				GCC_WARN_UNUSED_VARIABLE = YES;
				IPHONEOS_DEPLOYMENT_TARGET = 17.4;
				LOCALIZATION_PREFERS_STRING_CATALOGS = YES;
				MTL_ENABLE_DEBUG_INFO = NO;
				MTL_FAST_MATH = YES;
				SDKROOT = iphoneos;
				SWIFT_COMPILATION_MODE = wholemodule;
				VALIDATE_PRODUCT = YES;
			};
			name = Release;
		};
		6ACEA8D92C5A7CCB005FF652 /* Debug */ = {
			isa = XCBuildConfiguration;
			buildSettings = {
				ASSETCATALOG_COMPILER_APPICON_NAME = AppIcon;
				ASSETCATALOG_COMPILER_GLOBAL_ACCENT_COLOR_NAME = AccentColor;
				CODE_SIGN_STYLE = Automatic;
				CURRENT_PROJECT_VERSION = 1;
				DEVELOPMENT_TEAM = 244RFX44WS;
				GENERATE_INFOPLIST_FILE = YES;
				INFOPLIST_FILE = ChitChat/Info.plist;
				INFOPLIST_KEY_UIApplicationSupportsIndirectInputEvents = YES;
				INFOPLIST_KEY_UILaunchStoryboardName = LaunchScreen;
				INFOPLIST_KEY_UISupportedInterfaceOrientations_iPad = "UIInterfaceOrientationPortrait UIInterfaceOrientationPortraitUpsideDown UIInterfaceOrientationLandscapeLeft UIInterfaceOrientationLandscapeRight";
				INFOPLIST_KEY_UISupportedInterfaceOrientations_iPhone = "UIInterfaceOrientationPortrait UIInterfaceOrientationLandscapeLeft UIInterfaceOrientationLandscapeRight";
				LD_RUNPATH_SEARCH_PATHS = (
					"$(inherited)",
					"@executable_path/Frameworks",
				);
				MARKETING_VERSION = 1.0;
				PRODUCT_BUNDLE_IDENTIFIER = Saadet.ChitChat;
				PRODUCT_NAME = "$(TARGET_NAME)";
				SWIFT_EMIT_LOC_STRINGS = YES;
				SWIFT_VERSION = 5.0;
				TARGETED_DEVICE_FAMILY = "1,2";
			};
			name = Debug;
		};
		6ACEA8DA2C5A7CCB005FF652 /* Release */ = {
			isa = XCBuildConfiguration;
			buildSettings = {
				ASSETCATALOG_COMPILER_APPICON_NAME = AppIcon;
				ASSETCATALOG_COMPILER_GLOBAL_ACCENT_COLOR_NAME = AccentColor;
				CODE_SIGN_STYLE = Automatic;
				CURRENT_PROJECT_VERSION = 1;
				DEVELOPMENT_TEAM = 244RFX44WS;
				GENERATE_INFOPLIST_FILE = YES;
				INFOPLIST_FILE = ChitChat/Info.plist;
				INFOPLIST_KEY_UIApplicationSupportsIndirectInputEvents = YES;
				INFOPLIST_KEY_UILaunchStoryboardName = LaunchScreen;
				INFOPLIST_KEY_UISupportedInterfaceOrientations_iPad = "UIInterfaceOrientationPortrait UIInterfaceOrientationPortraitUpsideDown UIInterfaceOrientationLandscapeLeft UIInterfaceOrientationLandscapeRight";
				INFOPLIST_KEY_UISupportedInterfaceOrientations_iPhone = "UIInterfaceOrientationPortrait UIInterfaceOrientationLandscapeLeft UIInterfaceOrientationLandscapeRight";
				LD_RUNPATH_SEARCH_PATHS = (
					"$(inherited)",
					"@executable_path/Frameworks",
				);
				MARKETING_VERSION = 1.0;
				PRODUCT_BUNDLE_IDENTIFIER = Saadet.ChitChat;
				PRODUCT_NAME = "$(TARGET_NAME)";
				SWIFT_EMIT_LOC_STRINGS = YES;
				SWIFT_VERSION = 5.0;
				TARGETED_DEVICE_FAMILY = "1,2";
			};
			name = Release;
		};
		6ACEA8DC2C5A7CCB005FF652 /* Debug */ = {
			isa = XCBuildConfiguration;
			buildSettings = {
				ALWAYS_EMBED_SWIFT_STANDARD_LIBRARIES = YES;
				BUNDLE_LOADER = "$(TEST_HOST)";
				CODE_SIGN_STYLE = Automatic;
				CURRENT_PROJECT_VERSION = 1;
				DEVELOPMENT_TEAM = 244RFX44WS;
				GENERATE_INFOPLIST_FILE = YES;
				IPHONEOS_DEPLOYMENT_TARGET = 17.4;
				MARKETING_VERSION = 1.0;
				PRODUCT_BUNDLE_IDENTIFIER = Saadet.ChitChatTests;
				PRODUCT_NAME = "$(TARGET_NAME)";
				SWIFT_EMIT_LOC_STRINGS = NO;
				SWIFT_VERSION = 5.0;
				TARGETED_DEVICE_FAMILY = "1,2";
				TEST_HOST = "$(BUILT_PRODUCTS_DIR)/ChitChat.app/$(BUNDLE_EXECUTABLE_FOLDER_PATH)/ChitChat";
			};
			name = Debug;
		};
		6ACEA8DD2C5A7CCB005FF652 /* Release */ = {
			isa = XCBuildConfiguration;
			buildSettings = {
				ALWAYS_EMBED_SWIFT_STANDARD_LIBRARIES = YES;
				BUNDLE_LOADER = "$(TEST_HOST)";
				CODE_SIGN_STYLE = Automatic;
				CURRENT_PROJECT_VERSION = 1;
				DEVELOPMENT_TEAM = 244RFX44WS;
				GENERATE_INFOPLIST_FILE = YES;
				IPHONEOS_DEPLOYMENT_TARGET = 17.4;
				MARKETING_VERSION = 1.0;
				PRODUCT_BUNDLE_IDENTIFIER = Saadet.ChitChatTests;
				PRODUCT_NAME = "$(TARGET_NAME)";
				SWIFT_EMIT_LOC_STRINGS = NO;
				SWIFT_VERSION = 5.0;
				TARGETED_DEVICE_FAMILY = "1,2";
				TEST_HOST = "$(BUILT_PRODUCTS_DIR)/ChitChat.app/$(BUNDLE_EXECUTABLE_FOLDER_PATH)/ChitChat";
			};
			name = Release;
		};
		6ACEA8DF2C5A7CCB005FF652 /* Debug */ = {
			isa = XCBuildConfiguration;
			buildSettings = {
				ALWAYS_EMBED_SWIFT_STANDARD_LIBRARIES = YES;
				CODE_SIGN_STYLE = Automatic;
				CURRENT_PROJECT_VERSION = 1;
				DEVELOPMENT_TEAM = 244RFX44WS;
				GENERATE_INFOPLIST_FILE = YES;
				MARKETING_VERSION = 1.0;
				PRODUCT_BUNDLE_IDENTIFIER = Saadet.ChitChatUITests;
				PRODUCT_NAME = "$(TARGET_NAME)";
				SWIFT_EMIT_LOC_STRINGS = NO;
				SWIFT_VERSION = 5.0;
				TARGETED_DEVICE_FAMILY = "1,2";
				TEST_TARGET_NAME = ChitChat;
			};
			name = Debug;
		};
		6ACEA8E02C5A7CCB005FF652 /* Release */ = {
			isa = XCBuildConfiguration;
			buildSettings = {
				ALWAYS_EMBED_SWIFT_STANDARD_LIBRARIES = YES;
				CODE_SIGN_STYLE = Automatic;
				CURRENT_PROJECT_VERSION = 1;
				DEVELOPMENT_TEAM = 244RFX44WS;
				GENERATE_INFOPLIST_FILE = YES;
				MARKETING_VERSION = 1.0;
				PRODUCT_BUNDLE_IDENTIFIER = Saadet.ChitChatUITests;
				PRODUCT_NAME = "$(TARGET_NAME)";
				SWIFT_EMIT_LOC_STRINGS = NO;
				SWIFT_VERSION = 5.0;
				TARGETED_DEVICE_FAMILY = "1,2";
				TEST_TARGET_NAME = ChitChat;
			};
			name = Release;
		};
/* End XCBuildConfiguration section */

/* Begin XCConfigurationList section */
		6ACEA8A92C5A7CC9005FF652 /* Build configuration list for PBXProject "ChitChat" */ = {
			isa = XCConfigurationList;
			buildConfigurations = (
				6ACEA8D62C5A7CCB005FF652 /* Debug */,
				6ACEA8D72C5A7CCB005FF652 /* Release */,
			);
			defaultConfigurationIsVisible = 0;
			defaultConfigurationName = Release;
		};
		6ACEA8D82C5A7CCB005FF652 /* Build configuration list for PBXNativeTarget "ChitChat" */ = {
			isa = XCConfigurationList;
			buildConfigurations = (
				6ACEA8D92C5A7CCB005FF652 /* Debug */,
				6ACEA8DA2C5A7CCB005FF652 /* Release */,
			);
			defaultConfigurationIsVisible = 0;
			defaultConfigurationName = Release;
		};
		6ACEA8DB2C5A7CCB005FF652 /* Build configuration list for PBXNativeTarget "ChitChatTests" */ = {
			isa = XCConfigurationList;
			buildConfigurations = (
				6ACEA8DC2C5A7CCB005FF652 /* Debug */,
				6ACEA8DD2C5A7CCB005FF652 /* Release */,
			);
			defaultConfigurationIsVisible = 0;
			defaultConfigurationName = Release;
		};
		6ACEA8DE2C5A7CCB005FF652 /* Build configuration list for PBXNativeTarget "ChitChatUITests" */ = {
			isa = XCConfigurationList;
			buildConfigurations = (
				6ACEA8DF2C5A7CCB005FF652 /* Debug */,
				6ACEA8E02C5A7CCB005FF652 /* Release */,
			);
			defaultConfigurationIsVisible = 0;
			defaultConfigurationName = Release;
		};
/* End XCConfigurationList section */

/* Begin XCRemoteSwiftPackageReference section */
		6ACEA8E12C5A800C005FF652 /* XCRemoteSwiftPackageReference "stream-chat-swift" */ = {
			isa = XCRemoteSwiftPackageReference;
			repositoryURL = "https://github.com/GetStream/stream-chat-swift.git";
			requirement = {
				kind = upToNextMajorVersion;
				minimumVersion = 4.61.0;
			};
		};
		6ACEA8EA2C5A808A005FF652 /* XCRemoteSwiftPackageReference "stream-chat-swiftui" */ = {
			isa = XCRemoteSwiftPackageReference;
			repositoryURL = "https://github.com/GetStream/stream-chat-swiftui.git";
			requirement = {
				kind = upToNextMajorVersion;
				minimumVersion = 4.60.0;
			};
		};
/* End XCRemoteSwiftPackageReference section */

/* Begin XCSwiftPackageProductDependency section */
		6ACEA8E22C5A800C005FF652 /* StreamChat */ = {
			isa = XCSwiftPackageProductDependency;
			package = 6ACEA8E12C5A800C005FF652 /* XCRemoteSwiftPackageReference "stream-chat-swift" */;
			productName = StreamChat;
		};
		6ACEA8E82C5A800C005FF652 /* StreamChatUI */ = {
			isa = XCSwiftPackageProductDependency;
			package = 6ACEA8E12C5A800C005FF652 /* XCRemoteSwiftPackageReference "stream-chat-swift" */;
			productName = StreamChatUI;
		};
		6ACEA8EB2C5A808A005FF652 /* StreamChatSwiftUI */ = {
			isa = XCSwiftPackageProductDependency;
			package = 6ACEA8EA2C5A808A005FF652 /* XCRemoteSwiftPackageReference "stream-chat-swiftui" */;
			productName = StreamChatSwiftUI;
		};
/* End XCSwiftPackageProductDependency section */
	};
	rootObject = 6ACEA8A62C5A7CC9005FF652 /* Project object */;
}
